
Microsoft Visual Studio Solution File, Format Version 12.00
# Visual Studio Version 16
VisualStudioVersion = 16.0.29926.136
MinimumVisualStudioVersion = 10.0.40219.1
Project("{FAE04EC0-301F-11D3-BF4B-00C04F79EFBC}") = "CleanArchitectureTemplate.Domain", "CleanArchitectureTemplate.Domain\CleanArchitectureTemplate.Domain.csproj", "{E2529C5C-CFDB-4EDC-905C-9C78642FEA93}"
EndProject
Project("{FAE04EC0-301F-11D3-BF4B-00C04F79EFBC}") = "CleanArchitectureTemplate.Application", "CleanArchitectureTemplate.Application\CleanArchitectureTemplate.Application.csproj", "{81421205-86B9-4B26-A468-876DD37E0E09}"
EndProject
Project("{FAE04EC0-301F-11D3-BF4B-00C04F79EFBC}") = "CleanArchitectureTemplate.Infrastructure", "CleanArchitectureTemplate.Infrastructure\CleanArchitectureTemplate.Infrastructure.csproj", "{8C57E73A-04A4-4CBE-8460-4D2F40B3E87D}"
EndProject
Project("{FAE04EC0-301F-11D3-BF4B-00C04F79EFBC}") = "CleanArchitectureTemplate.Api", "CleanArchitectureTemplate.Api\CleanArchitectureTemplate.Api.csproj", "{91170AD1-3F59-4482-8274-9BB9886E6562}"
EndProject
Project("{FAE04EC0-301F-11D3-BF4B-00C04F79EFBC}") = "CleanArchitectureTemplate.UnitTests", "CleanArchitectureTemplate.UnitTests\CleanArchitectureTemplate.UnitTests.csproj", "{D96FC377-2F29-4157-9445-CDF37FE0ED7B}"
EndProject
Global
	GlobalSection(SolutionConfigurationPlatforms) = preSolution
		Debug|Any CPU = Debug|Any CPU
		Release|Any CPU = Release|Any CPU
	EndGlobalSection
	GlobalSection(ProjectConfigurationPlatforms) = postSolution
		{E2529C5C-CFDB-4EDC-905C-9C78642FEA93}.Debug|Any CPU.ActiveCfg = Debug|Any CPU
		{E2529C5C-CFDB-4EDC-905C-9C78642FEA93}.Debug|Any CPU.Build.0 = Debug|Any CPU
		{E2529C5C-CFDB-4EDC-905C-9C78642FEA93}.Release|Any CPU.ActiveCfg = Release|Any CPU
		{E2529C5C-CFDB-4EDC-905C-9C78642FEA93}.Release|Any CPU.Build.0 = Release|Any CPU
		{81421205-86B9-4B26-A468-876DD37E0E09}.Debug|Any CPU.ActiveCfg = Debug|Any CPU
		{81421205-86B9-4B26-A468-876DD37E0E09}.Debug|Any CPU.Build.0 = Debug|Any CPU
		{81421205-86B9-4B26-A468-876DD37E0E09}.Release|Any CPU.ActiveCfg = Release|Any CPU
		{81421205-86B9-4B26-A468-876DD37E0E09}.Release|Any CPU.Build.0 = Release|Any CPU
		{8C57E73A-04A4-4CBE-8460-4D2F40B3E87D}.Debug|Any CPU.ActiveCfg = Debug|Any CPU
		{8C57E73A-04A4-4CBE-8460-4D2F40B3E87D}.Debug|Any CPU.Build.0 = Debug|Any CPU
		{8C57E73A-04A4-4CBE-8460-4D2F40B3E87D}.Release|Any CPU.ActiveCfg = Release|Any CPU
		{8C57E73A-04A4-4CBE-8460-4D2F40B3E87D}.Release|Any CPU.Build.0 = Release|Any CPU
		{91170AD1-3F59-4482-8274-9BB9886E6562}.Debug|Any CPU.ActiveCfg = Debug|Any CPU
		{91170AD1-3F59-4482-8274-9BB9886E6562}.Debug|Any CPU.Build.0 = Debug|Any CPU
		{91170AD1-3F59-4482-8274-9BB9886E6562}.Release|Any CPU.ActiveCfg = Release|Any CPU
		{91170AD1-3F59-4482-8274-9BB9886E6562}.Release|Any CPU.Build.0 = Release|Any CPU
		{D96FC377-2F29-4157-9445-CDF37FE0ED7B}.Debug|Any CPU.ActiveCfg = Debug|Any CPU
		{D96FC377-2F29-4157-9445-CDF37FE0ED7B}.Debug|Any CPU.Build.0 = Debug|Any CPU
		{D96FC377-2F29-4157-9445-CDF37FE0ED7B}.Release|Any CPU.ActiveCfg = Release|Any CPU
		{D96FC377-2F29-4157-9445-CDF37FE0ED7B}.Release|Any CPU.Build.0 = Release|Any CPU
	EndGlobalSection
	GlobalSection(SolutionProperties) = preSolution
		HideSolutionNode = FALSE
	EndGlobalSection
	GlobalSection(ExtensibilityGlobals) = postSolution
		SolutionGuid = {632DD43B-EFD4-4208-B27B-EBF11ADA7E49}
	EndGlobalSection
EndGlobal
